
Microsoft Visual Studio Solution File, Format Version 10.00
# Visual Studio 2008
Project("{FAE04EC0-301F-11D3-BF4B-00C04F79EFBC}") = "%{Component Name} Sources", "Component Sources.csproj", "{1E6A139B-BDCE-4EDB-9087-54B2C3037828}"
EndProject
Project("{FAE04EC0-301F-11D3-BF4B-00C04F79EFBC}") = "%{Component Name} Tests", "Component Tests.csproj", "{1C7B15F8-F1D0-4298-A4C4-42CD224DAF72}"
EndProject
Global
    GlobalSection(SolutionConfigurationPlatforms) = preSolution
        Debug|Any CPU = Debug|Any CPU
        Release|Any CPU = Release|Any CPU
    EndGlobalSection
    GlobalSection(ProjectConfigurationPlatforms) = postSolution
        {1E6A139B-BDCE-4EDB-9087-54B2C3037828}.Debug|Any CPU.ActiveCfg = Debug|Any CPU
        {1E6A139B-BDCE-4EDB-9087-54B2C3037828}.Debug|Any CPU.Build.0 = Debug|Any CPU
        {1E6A139B-BDCE-4EDB-9087-54B2C3037828}.Release|Any CPU.ActiveCfg = Debug|Any CPU
        {1E6A139B-BDCE-4EDB-9087-54B2C3037828}.Release|Any CPU.Build.0 = Debug|Any CPU
        {1C7B15F8-F1D0-4298-A4C4-42CD224DAF72}.Debug|Any CPU.ActiveCfg = Debug|Any CPU
        {1C7B15F8-F1D0-4298-A4C4-42CD224DAF72}.Debug|Any CPU.Build.0 = Debug|Any CPU
        {1C7B15F8-F1D0-4298-A4C4-42CD224DAF72}.Release|Any CPU.ActiveCfg = Debug|Any CPU
        {1C7B15F8-F1D0-4298-A4C4-42CD224DAF72}.Release|Any CPU.Build.0 = Debug|Any CPU
    EndGlobalSection
    GlobalSection(SolutionProperties) = preSolution
        HideSolutionNode = FALSE
    EndGlobalSection
EndGlobal
